
Microsoft Visual Studio Solution File, Format Version 12.00
# Visual Studio 15
VisualStudioVersion = 15.0.27004.2002
MinimumVisualStudioVersion = 10.0.40219.1
Project("{8BC9CEB8-8B4A-11D0-8D11-00A0C91BC942}") = "WslInstall2", "WslInstall2.vcxproj", "{29ECCABC-D079-4690-88E5-F522EF1911FD}"
EndProject
Global
	GlobalSection(SolutionConfigurationPlatforms) = preSolution
		Release|x64 = Release|x64
	EndGlobalSection
	GlobalSection(ProjectConfigurationPlatforms) = postSolution
		{29ECCABC-D079-4690-88E5-F522EF1911FD}.Release|x64.ActiveCfg = Release|x64
		{29ECCABC-D079-4690-88E5-F522EF1911FD}.Release|x64.Build.0 = Release|x64
	EndGlobalSection
	GlobalSection(SolutionProperties) = preSolution
		HideSolutionNode = FALSE
	EndGlobalSection
	GlobalSection(ExtensibilityGlobals) = postSolution
		SolutionGuid = {851ABD3C-0623-4968-A6AE-965D236C2076}
	EndGlobalSection
EndGlobal
